<?xml version="1.0" encoding="utf-8"?>
<Project ToolsVersion="4.0" xmlns="http://schemas.microsoft.com/developer/msbuild/2003">
  <ItemGroup>
    <Filter Include="Source Files">
      <UniqueIdentifier>{4FC737F1-C7A5-4376-A066-2A32D752A2FF}</UniqueIdentifier>
      <Extensions>cpp;c;cc;cxx;c++;cppm;ixx;def;odl;idl;hpj;bat;asm;asmx</Extensions>
    </Filter>
    <Filter Include="Header Files">
      <UniqueIdentifier>{93995380-89BD-4b04-88EB-625FBE52EBFB}</UniqueIdentifier>
      <Extensions>h;hh;hpp;hxx;h++;hm;inl;inc;ipp;xsd</Extensions>
    </Filter>
    <Filter Include="Resource Files">
      <UniqueIdentifier>{67DA6AB6-F800-4c08-8B7A-83BB121AAD01}</UniqueIdentifier>
      <Extensions>rc;ico;cur;bmp;dlg;rc2;rct;bin;rgs;gif;jpg;jpeg;jpe;resx;tiff;tif;png;wav;mfcribbon-ms</Extensions>
    </Filter>
    <Filter Include="NuoWindowsFoundation">
      <UniqueIdentifier>{7a7a222e-f972-412d-85a1-f5531f6c3135}</UniqueIdentifier>
    </Filter>
    <Filter Include="NuoWindowsFoundation\NuoDirect">
      <UniqueIdentifier>{493b34d1-7585-4333-9c65-9ce778ea7e62}</UniqueIdentifier>
    </Filter>
    <Filter Include="NuoWindowsFoundation\NuoMeshes">
      <UniqueIdentifier>{cd94f2c7-306b-414c-8f32-f722e361bc0f}</UniqueIdentifier>
    </Filter>
    <Filter Include="NuoWindowsFoundation\NuoModelLoader">
      <UniqueIdentifier>{1f80a551-ec51-48e9-ac80-542cf88375ee}</UniqueIdentifier>
    </Filter>
    <Filter Include="NuoWindowsFoundation\NuoUI">
      <UniqueIdentifier>{d001bb11-5e46-415d-baa1-89ee83585eab}</UniqueIdentifier>
    </Filter>
    <Filter Include="NuoWindowsFoundation\NuoUtilites">
      <UniqueIdentifier>{1beb44df-ff17-4c49-bab2-dfa6aac99730}</UniqueIdentifier>
    </Filter>
    <Filter Include="NuoWindowsFoundation\NuoUtilites\Win">
      <UniqueIdentifier>{221f5567-02bc-4b6e-a72c-31fea8f8ecbf}</UniqueIdentifier>
    </Filter>
    <Filter Include="NuoWindowsFoundation\NuoMeshes\NuoShaders">
      <UniqueIdentifier>{35d96b29-9259-4b7c-a648-15dca21f33c9}</UniqueIdentifier>
    </Filter>
    <Filter Include="NuoWindowsFoundation\NuoMeshes\NuoAuxilliaryMeshes">
      <UniqueIdentifier>{cbaafef5-91a9-4f64-9f16-0c98e0b087b7}</UniqueIdentifier>
    </Filter>
    <Filter Include="NuoWindowsFoundation\NuoScripting">
      <UniqueIdentifier>{a6e373ff-1ecc-424f-bfff-c09b004a0470}</UniqueIdentifier>
    </Filter>
    <Filter Include="Source Files\ModelState">
      <UniqueIdentifier>{4ff698d3-d570-4ec0-8753-7dacda8328ae}</UniqueIdentifier>
    </Filter>
    <Filter Include="NuoWindowsFoundation\NuoRender">
      <UniqueIdentifier>{753a4121-4f16-4009-ba22-ae694a575ac4}</UniqueIdentifier>
    </Filter>
    <Filter Include="Source Files\Renderer">
      <UniqueIdentifier>{288810cd-3c80-4448-91bd-900b0a0049c6}</UniqueIdentifier>
    </Filter>
    <Filter Include="NuoWindowsFoundation\NuoShadowMap">
      <UniqueIdentifier>{c7dfd404-5acd-4e2a-8060-3572d252854c}</UniqueIdentifier>
    </Filter>
    <Filter Include="Source Files\Interface">
      <UniqueIdentifier>{390b099e-ba76-4167-98c4-fc5a8cc4c51d}</UniqueIdentifier>
    </Filter>
  </ItemGroup>
  <ItemGroup>
    <ClCompile Include="..\..\NuoWindowsFoundation\NuoDirect\NuoCommandBuffer.cpp">
      <Filter>NuoWindowsFoundation\NuoDirect</Filter>
    </ClCompile>
    <ClCompile Include="..\..\NuoWindowsFoundation\NuoDirect\NuoCommandQueue.cpp">
      <Filter>NuoWindowsFoundation\NuoDirect</Filter>
    </ClCompile>
    <ClCompile Include="..\..\NuoWindowsFoundation\NuoDirect\NuoConstantBufferSwapChain.cpp">
      <Filter>NuoWindowsFoundation\NuoDirect</Filter>
    </ClCompile>
    <ClCompile Include="..\..\NuoWindowsFoundation\NuoDirect\NuoDescriptorHeap.cpp">
      <Filter>NuoWindowsFoundation\NuoDirect</Filter>
    </ClCompile>
    <ClCompile Include="..\..\NuoWindowsFoundation\NuoDirect\NuoDevice.cpp">
      <Filter>NuoWindowsFoundation\NuoDirect</Filter>
    </ClCompile>
    <ClCompile Include="..\..\NuoWindowsFoundation\NuoDirect\NuoDirectView.cpp">
      <Filter>NuoWindowsFoundation\NuoDirect</Filter>
    </ClCompile>
    <ClCompile Include="..\..\NuoWindowsFoundation\NuoDirect\NuoFenceSwapChain.cpp">
      <Filter>NuoWindowsFoundation\NuoDirect</Filter>
    </ClCompile>
    <ClCompile Include="..\..\NuoWindowsFoundation\NuoDirect\NuoPipelineState.cpp">
      <Filter>NuoWindowsFoundation\NuoDirect</Filter>
    </ClCompile>
    <ClCompile Include="..\..\NuoWindowsFoundation\NuoDirect\NuoRenderTarget.cpp">
      <Filter>NuoWindowsFoundation\NuoDirect</Filter>
    </ClCompile>
    <ClCompile Include="..\..\NuoWindowsFoundation\NuoDirect\NuoRenderTargetSwapChain.cpp">
      <Filter>NuoWindowsFoundation\NuoDirect</Filter>
    </ClCompile>
    <ClCompile Include="..\..\NuoWindowsFoundation\NuoDirect\NuoResource.cpp">
      <Filter>NuoWindowsFoundation\NuoDirect</Filter>
    </ClCompile>
    <ClCompile Include="..\..\NuoWindowsFoundation\NuoDirect\NuoResourceSwapChain.cpp">
      <Filter>NuoWindowsFoundation\NuoDirect</Filter>
    </ClCompile>
    <ClCompile Include="..\..\NuoWindowsFoundation\NuoDirect\NuoShader.cpp">
      <Filter>NuoWindowsFoundation\NuoDirect</Filter>
    </ClCompile>
    <ClCompile Include="..\..\NuoWindowsFoundation\NuoDirect\NuoSignature.cpp">
      <Filter>NuoWindowsFoundation\NuoDirect</Filter>
    </ClCompile>
    <ClCompile Include="..\..\NuoWindowsFoundation\NuoDirect\NuoVertexBuffer.cpp">
      <Filter>NuoWindowsFoundation\NuoDirect</Filter>
    </ClCompile>
    <ClCompile Include="..\..\NuoWindowsFoundation\NuoMeshes\NuoMesh.cpp">
      <Filter>NuoWindowsFoundation\NuoMeshes</Filter>
    </ClCompile>
    <ClCompile Include="..\..\NuoWindowsFoundation\NuoMeshes\NuoCubeMesh.cpp">
      <Filter>NuoWindowsFoundation\NuoMeshes</Filter>
    </ClCompile>
    <ClCompile Include="..\..\NuoWindowsFoundation\NuoModelLoader\NuoModelBase.cpp">
      <Filter>NuoWindowsFoundation\NuoModelLoader</Filter>
    </ClCompile>
    <ClCompile Include="..\..\NuoWindowsFoundation\NuoModelLoader\NuoModelLoader.cpp">
      <Filter>NuoWindowsFoundation\NuoModelLoader</Filter>
    </ClCompile>
    <ClCompile Include="..\..\NuoWindowsFoundation\NuoModelLoader\tiny_obj_loader.cc">
      <Filter>NuoWindowsFoundation\NuoModelLoader</Filter>
    </ClCompile>
    <ClCompile Include="..\..\NuoWindowsFoundation\NuoModelLoader\NuoBounds.cpp">
      <Filter>NuoWindowsFoundation\NuoModelLoader</Filter>
    </ClCompile>
    <ClCompile Include="..\..\NuoWindowsFoundation\NuoModelLoader\NuoMaterial.cpp">
      <Filter>NuoWindowsFoundation\NuoModelLoader</Filter>
    </ClCompile>
    <ClCompile Include="..\..\NuoWindowsFoundation\NuoUI\NuoFile.cpp">
      <Filter>NuoWindowsFoundation\NuoUI</Filter>
    </ClCompile>
    <ClCompile Include="..\..\NuoWindowsFoundation\NuoUI\NuoImage.cpp">
      <Filter>NuoWindowsFoundation\NuoUI</Filter>
    </ClCompile>
    <ClCompile Include="..\..\NuoWindowsFoundation\NuoUI\NuoLabel.cpp">
      <Filter>NuoWindowsFoundation\NuoUI</Filter>
    </ClCompile>
    <ClCompile Include="..\..\NuoWindowsFoundation\NuoUI\NuoMenu.cpp">
      <Filter>NuoWindowsFoundation\NuoUI</Filter>
    </ClCompile>
    <ClCompile Include="..\..\NuoWindowsFoundation\NuoUI\NuoMonitorScale.cpp">
      <Filter>NuoWindowsFoundation\NuoUI</Filter>
    </ClCompile>
    <ClCompile Include="..\..\NuoWindowsFoundation\NuoUI\NuoOpenFileDialog.cpp">
      <Filter>NuoWindowsFoundation\NuoUI</Filter>
    </ClCompile>
    <ClCompile Include="..\..\NuoWindowsFoundation\NuoUI\NuoRect.cpp">
      <Filter>NuoWindowsFoundation\NuoUI</Filter>
    </ClCompile>
    <ClCompile Include="..\..\NuoWindowsFoundation\NuoUI\NuoStrings.cpp">
      <Filter>NuoWindowsFoundation\NuoUI</Filter>
    </ClCompile>
    <ClCompile Include="..\..\NuoWindowsFoundation\NuoUI\NuoTimer.cpp">
      <Filter>NuoWindowsFoundation\NuoUI</Filter>
    </ClCompile>
    <ClCompile Include="..\..\NuoWindowsFoundation\NuoUI\NuoView.cpp">
      <Filter>NuoWindowsFoundation\NuoUI</Filter>
    </ClCompile>
    <ClCompile Include="..\..\NuoWindowsFoundation\NuoUI\NuoWindow.cpp">
      <Filter>NuoWindowsFoundation\NuoUI</Filter>
    </ClCompile>
    <ClCompile Include="..\..\NuoWindowsFoundation\NuoUI\NuoAppInstance.cpp">
      <Filter>NuoWindowsFoundation\NuoUI</Filter>
    </ClCompile>
    <ClCompile Include="..\..\NuoWindowsFoundation\NuoUI\NuoButton.cpp">
      <Filter>NuoWindowsFoundation\NuoUI</Filter>
    </ClCompile>
    <ClCompile Include="..\..\NuoWindowsFoundation\NuoUI\NuoControl.cpp">
      <Filter>NuoWindowsFoundation\NuoUI</Filter>
    </ClCompile>
    <ClCompile Include="..\..\NuoWindowsFoundation\NuoUI\NuoDialog.cpp">
      <Filter>NuoWindowsFoundation\NuoUI</Filter>
    </ClCompile>
    <ClCompile Include="..\..\NuoWindowsFoundation\NuoUtilites\NuoModelBoard.cpp">
      <Filter>NuoWindowsFoundation\NuoUtilites</Filter>
    </ClCompile>
    <ClCompile Include="..\..\NuoWindowsFoundation\NuoUtilites\NuoMathVector.cpp">
      <Filter>NuoWindowsFoundation\NuoUtilites</Filter>
    </ClCompile>
    <ClCompile Include="..\..\NuoWindowsFoundation\NuoUtilites\Win\NuoMathVectorWin.cpp">
      <Filter>NuoWindowsFoundation\NuoUtilites\Win</Filter>
    </ClCompile>
    <ClCompile Include="ModelView.cpp">
      <Filter>Source Files</Filter>
    </ClCompile>
    <ClCompile Include="ModelViewerWindow.cpp">
      <Filter>Source Files</Filter>
    </ClCompile>
    <ClCompile Include="ModelViewerMain.cpp">
      <Filter>Source Files</Filter>
    </ClCompile>
    <ClCompile Include="..\..\NuoWindowsFoundation\NuoDirect\NuoTexture.cpp">
      <Filter>NuoWindowsFoundation\NuoDirect</Filter>
    </ClCompile>
    <ClCompile Include="..\..\NuoWindowsFoundation\NuoMeshes\NuoAuxilliaryMeshes\NuoScreenSpaceMesh.cpp">
      <Filter>NuoWindowsFoundation\NuoMeshes\NuoAuxilliaryMeshes</Filter>
    </ClCompile>
    <ClCompile Include="..\..\NuoWindowsFoundation\NuoModelLoader\NuoModelMaterialedBasic.cpp">
      <Filter>NuoWindowsFoundation\NuoModelLoader</Filter>
    </ClCompile>
    <ClCompile Include="..\..\NuoWindowsFoundation\NuoModelLoader\NuoModelTextured.cpp">
      <Filter>NuoWindowsFoundation\NuoModelLoader</Filter>
    </ClCompile>
    <ClCompile Include="..\..\NuoWindowsFoundation\NuoMeshes\NuoMeshBounds.cpp">
      <Filter>NuoWindowsFoundation\NuoMeshes</Filter>
    </ClCompile>
    <ClCompile Include="..\..\NuoWindowsFoundation\NuoModelLoader\NuoModelLoaderGPU.cpp">
      <Filter>NuoWindowsFoundation\NuoModelLoader</Filter>
    </ClCompile>
    <ClCompile Include="..\..\NuoWindowsFoundation\NuoMeshes\NuoMeshCompound.cpp">
      <Filter>NuoWindowsFoundation\NuoMeshes</Filter>
    </ClCompile>
    <ClCompile Include="..\..\NuoWindowsFoundation\NuoMeshes\NuoMeshMaterialed.cpp">
      <Filter>NuoWindowsFoundation\NuoMeshes</Filter>
    </ClCompile>
    <ClCompile Include="..\..\NuoWindowsFoundation\NuoMeshes\NuoMeshSceneRoot.cpp">
      <Filter>NuoWindowsFoundation\NuoMeshes</Filter>
    </ClCompile>
    <ClCompile Include="..\..\NuoWindowsFoundation\NuoMeshes\NuoMeshRotation.cpp">
      <Filter>NuoWindowsFoundation\NuoMeshes</Filter>
    </ClCompile>
    <ClCompile Include="..\..\NuoWindowsFoundation\NuoScripting\NuoLua.cpp">
      <Filter>NuoWindowsFoundation\NuoScripting</Filter>
    </ClCompile>
    <ClCompile Include="ModelState\ModelViewConfiguration.cpp">
      <Filter>Source Files\ModelState</Filter>
    </ClCompile>
    <ClCompile Include="..\..\NuoWindowsFoundation\NuoUI\NuoDropdownList.cpp">
      <Filter>NuoWindowsFoundation\NuoUI</Filter>
    </ClCompile>
    <ClCompile Include="..\..\NuoWindowsFoundation\NuoUtilites\NuoTableExporter.cpp">
      <Filter>NuoWindowsFoundation\NuoUtilites</Filter>
    </ClCompile>
    <ClCompile Include="ModelState\ModelState.cpp">
      <Filter>Source Files\ModelState</Filter>
    </ClCompile>
    <ClCompile Include="..\..\NuoWindowsFoundation\NuoUI\NuoProgressBar.cpp">
      <Filter>NuoWindowsFoundation\NuoUI</Filter>
    </ClCompile>
    <ClCompile Include="..\..\NuoWindowsFoundation\NuoUtilites\NuoDispatch.cpp">
      <Filter>NuoWindowsFoundation\NuoUtilites</Filter>
    </ClCompile>
    <ClCompile Include="..\..\NuoWindowsFoundation\NuoUtilites\NuoBackgroundTask.cpp">
      <Filter>NuoWindowsFoundation\NuoUtilites</Filter>
    </ClCompile>
    <ClCompile Include="..\..\NuoWindowsFoundation\NuoRender\NuoRenderPass.cpp">
      <Filter>NuoWindowsFoundation\NuoRender</Filter>
    </ClCompile>
    <ClCompile Include="..\..\NuoWindowsFoundation\NuoRender\NuoRenderPipelinePass.cpp">
      <Filter>NuoWindowsFoundation\NuoRender</Filter>
    </ClCompile>
    <ClCompile Include="..\..\NuoWindowsFoundation\NuoDirect\NuoRenderPassTarget.cpp">
      <Filter>NuoWindowsFoundation\NuoDirect</Filter>
    </ClCompile>
    <ClCompile Include="..\..\NuoWindowsFoundation\NuoRender\NuoRenderPipeline.cpp">
      <Filter>NuoWindowsFoundation\NuoRender</Filter>
    </ClCompile>
    <ClCompile Include="Renderer\ModelViewerRenderer.cpp">
      <Filter>Source Files\Renderer</Filter>
    </ClCompile>
    <ClCompile Include="..\..\NuoWindowsFoundation\NuoUtilites\NuoModelArrow.cpp">
      <Filter>NuoWindowsFoundation\NuoUtilites</Filter>
    </ClCompile>
    <ClCompile Include="..\..\NuoWindowsFoundation\NuoShadowMap\NuoLightSource.cpp">
      <Filter>NuoWindowsFoundation\NuoShadowMap</Filter>
    </ClCompile>
    <ClCompile Include="Renderer\NotationLight.cpp">
      <Filter>Source Files\Renderer</Filter>
    </ClCompile>
    <ClCompile Include="Renderer\NotationRenderer.cpp">
      <Filter>Source Files\Renderer</Filter>
    </ClCompile>
    <ClCompile Include="..\..\NuoWindowsFoundation\NuoUI\NuoSlider.cpp">
      <Filter>NuoWindowsFoundation\NuoUI</Filter>
    </ClCompile>
    <ClCompile Include="..\..\NuoWindowsFoundation\NuoUI\NuoScrollView.cpp">
      <Filter>NuoWindowsFoundation\NuoUI</Filter>
    </ClCompile>
    <ClCompile Include="UserInterface\ModelOperationPanel.cpp">
      <Filter>Source Files\Interface</Filter>
    </ClCompile>
    <ClCompile Include="Renderer\ModelSceneParameters.cpp">
      <Filter>Source Files\Renderer</Filter>
    </ClCompile>
  </ItemGroup>
  <ItemGroup>
    <ClInclude Include="..\..\NuoWindowsFoundation\NuoDirect\NuoCommandBuffer.h">
      <Filter>NuoWindowsFoundation\NuoDirect</Filter>
    </ClInclude>
    <ClInclude Include="..\..\NuoWindowsFoundation\NuoDirect\NuoCommandQueue.h">
      <Filter>NuoWindowsFoundation\NuoDirect</Filter>
    </ClInclude>
    <ClInclude Include="..\..\NuoWindowsFoundation\NuoDirect\NuoConstantBufferSwapChain.h">
      <Filter>NuoWindowsFoundation\NuoDirect</Filter>
    </ClInclude>
    <ClInclude Include="..\..\NuoWindowsFoundation\NuoDirect\NuoDescriptorHeap.h">
      <Filter>NuoWindowsFoundation\NuoDirect</Filter>
    </ClInclude>
    <ClInclude Include="..\..\NuoWindowsFoundation\NuoDirect\NuoDevice.h">
      <Filter>NuoWindowsFoundation\NuoDirect</Filter>
    </ClInclude>
    <ClInclude Include="..\..\NuoWindowsFoundation\NuoDirect\NuoDirectView.h">
      <Filter>NuoWindowsFoundation\NuoDirect</Filter>
    </ClInclude>
    <ClInclude Include="..\..\NuoWindowsFoundation\NuoDirect\NuoFenceSwapChain.h">
      <Filter>NuoWindowsFoundation\NuoDirect</Filter>
    </ClInclude>
    <ClInclude Include="..\..\NuoWindowsFoundation\NuoDirect\NuoPipelineState.h">
      <Filter>NuoWindowsFoundation\NuoDirect</Filter>
    </ClInclude>
    <ClInclude Include="..\..\NuoWindowsFoundation\NuoDirect\NuoRenderTarget.h">
      <Filter>NuoWindowsFoundation\NuoDirect</Filter>
    </ClInclude>
    <ClInclude Include="..\..\NuoWindowsFoundation\NuoDirect\NuoRenderTargetSwapChain.h">
      <Filter>NuoWindowsFoundation\NuoDirect</Filter>
    </ClInclude>
    <ClInclude Include="..\..\NuoWindowsFoundation\NuoDirect\NuoResource.h">
      <Filter>NuoWindowsFoundation\NuoDirect</Filter>
    </ClInclude>
    <ClInclude Include="..\..\NuoWindowsFoundation\NuoDirect\NuoResourceSwapChain.h">
      <Filter>NuoWindowsFoundation\NuoDirect</Filter>
    </ClInclude>
    <ClInclude Include="..\..\NuoWindowsFoundation\NuoDirect\NuoShader.h">
      <Filter>NuoWindowsFoundation\NuoDirect</Filter>
    </ClInclude>
    <ClInclude Include="..\..\NuoWindowsFoundation\NuoDirect\NuoSignature.h">
      <Filter>NuoWindowsFoundation\NuoDirect</Filter>
    </ClInclude>
    <ClInclude Include="..\..\NuoWindowsFoundation\NuoDirect\NuoVertexBuffer.h">
      <Filter>NuoWindowsFoundation\NuoDirect</Filter>
    </ClInclude>
    <ClInclude Include="..\..\NuoWindowsFoundation\NuoMeshes\NuoMesh.h">
      <Filter>NuoWindowsFoundation\NuoMeshes</Filter>
    </ClInclude>
    <ClInclude Include="..\..\NuoWindowsFoundation\NuoMeshes\NuoMeshOptions.h">
      <Filter>NuoWindowsFoundation\NuoMeshes</Filter>
    </ClInclude>
    <ClInclude Include="..\..\NuoWindowsFoundation\NuoMeshes\NuoCubeMesh.h">
      <Filter>NuoWindowsFoundation\NuoMeshes</Filter>
    </ClInclude>
    <ClInclude Include="..\..\NuoWindowsFoundation\NuoModelLoader\NuoModelBase.h">
      <Filter>NuoWindowsFoundation\NuoModelLoader</Filter>
    </ClInclude>
    <ClInclude Include="..\..\NuoWindowsFoundation\NuoModelLoader\NuoModelLoader.h">
      <Filter>NuoWindowsFoundation\NuoModelLoader</Filter>
    </ClInclude>
    <ClInclude Include="..\..\NuoWindowsFoundation\NuoModelLoader\tiny_obj_loader.h">
      <Filter>NuoWindowsFoundation\NuoModelLoader</Filter>
    </ClInclude>
    <ClInclude Include="..\..\NuoWindowsFoundation\NuoModelLoader\NuoBounds.h">
      <Filter>NuoWindowsFoundation\NuoModelLoader</Filter>
    </ClInclude>
    <ClInclude Include="..\..\NuoWindowsFoundation\NuoModelLoader\NuoMaterial.h">
      <Filter>NuoWindowsFoundation\NuoModelLoader</Filter>
    </ClInclude>
    <ClInclude Include="..\..\NuoWindowsFoundation\NuoUI\NuoDialog.h">
      <Filter>NuoWindowsFoundation\NuoUI</Filter>
    </ClInclude>
    <ClInclude Include="..\..\NuoWindowsFoundation\NuoUI\NuoFile.h">
      <Filter>NuoWindowsFoundation\NuoUI</Filter>
    </ClInclude>
    <ClInclude Include="..\..\NuoWindowsFoundation\NuoUI\NuoImage.h">
      <Filter>NuoWindowsFoundation\NuoUI</Filter>
    </ClInclude>
    <ClInclude Include="..\..\NuoWindowsFoundation\NuoUI\NuoLabel.h">
      <Filter>NuoWindowsFoundation\NuoUI</Filter>
    </ClInclude>
    <ClInclude Include="..\..\NuoWindowsFoundation\NuoUI\NuoMenu.h">
      <Filter>NuoWindowsFoundation\NuoUI</Filter>
    </ClInclude>
    <ClInclude Include="..\..\NuoWindowsFoundation\NuoUI\NuoMonitorScale.h">
      <Filter>NuoWindowsFoundation\NuoUI</Filter>
    </ClInclude>
    <ClInclude Include="..\..\NuoWindowsFoundation\NuoUI\NuoOpenFileDialog.h">
      <Filter>NuoWindowsFoundation\NuoUI</Filter>
    </ClInclude>
    <ClInclude Include="..\..\NuoWindowsFoundation\NuoUI\NuoRect.h">
      <Filter>NuoWindowsFoundation\NuoUI</Filter>
    </ClInclude>
    <ClInclude Include="..\..\NuoWindowsFoundation\NuoUI\NuoStrings.h">
      <Filter>NuoWindowsFoundation\NuoUI</Filter>
    </ClInclude>
    <ClInclude Include="..\..\NuoWindowsFoundation\NuoUI\NuoTimer.h">
      <Filter>NuoWindowsFoundation\NuoUI</Filter>
    </ClInclude>
    <ClInclude Include="..\..\NuoWindowsFoundation\NuoUI\NuoView.h">
      <Filter>NuoWindowsFoundation\NuoUI</Filter>
    </ClInclude>
    <ClInclude Include="..\..\NuoWindowsFoundation\NuoUI\NuoWindow.h">
      <Filter>NuoWindowsFoundation\NuoUI</Filter>
    </ClInclude>
    <ClInclude Include="..\..\NuoWindowsFoundation\NuoUI\FoundationResource.h">
      <Filter>NuoWindowsFoundation\NuoUI</Filter>
    </ClInclude>
    <ClInclude Include="..\..\NuoWindowsFoundation\NuoUI\NuoAppInstance.h">
      <Filter>NuoWindowsFoundation\NuoUI</Filter>
    </ClInclude>
    <ClInclude Include="..\..\NuoWindowsFoundation\NuoUI\NuoButton.h">
      <Filter>NuoWindowsFoundation\NuoUI</Filter>
    </ClInclude>
    <ClInclude Include="..\..\NuoWindowsFoundation\NuoUI\NuoControl.h">
      <Filter>NuoWindowsFoundation\NuoUI</Filter>
    </ClInclude>
    <ClInclude Include="..\..\NuoWindowsFoundation\NuoUtilites\NuoModelBoard.h">
      <Filter>NuoWindowsFoundation\NuoUtilites</Filter>
    </ClInclude>
    <ClInclude Include="..\..\NuoWindowsFoundation\NuoUtilites\NuoMathVector.h">
      <Filter>NuoWindowsFoundation\NuoUtilites</Filter>
    </ClInclude>
    <ClInclude Include="..\..\NuoWindowsFoundation\NuoUtilites\Win\NuoMathVectorWin.hpp">
      <Filter>NuoWindowsFoundation\NuoUtilites\Win</Filter>
    </ClInclude>
    <ClInclude Include="..\..\NuoWindowsFoundation\NuoUtilites\Win\NuoMathVectorTypeTraitWin.hpp">
      <Filter>NuoWindowsFoundation\NuoUtilites\Win</Filter>
    </ClInclude>
    <ClInclude Include="ModelView.h">
      <Filter>Source Files</Filter>
    </ClInclude>
    <ClInclude Include="ModelViewerWindow.h">
      <Filter>Source Files</Filter>
    </ClInclude>
    <ClInclude Include="Resource.h">
      <Filter>Resource Files</Filter>
    </ClInclude>
    <ClInclude Include="ModelViewerMain.h">
      <Filter>Source Files</Filter>
    </ClInclude>
    <ClInclude Include="..\..\NuoWindowsFoundation\NuoDirect\NuoTexture.h">
      <Filter>NuoWindowsFoundation\NuoDirect</Filter>
    </ClInclude>
    <ClInclude Include="..\..\NuoWindowsFoundation\NuoMeshes\NuoAuxilliaryMeshes\NuoScreenSpaceMesh.h">
      <Filter>NuoWindowsFoundation\NuoMeshes\NuoAuxilliaryMeshes</Filter>
    </ClInclude>
    <ClInclude Include="..\..\NuoWindowsFoundation\NuoDirect\d3dx12.h">
      <Filter>NuoWindowsFoundation\NuoDirect</Filter>
    </ClInclude>
    <ClInclude Include="..\..\NuoWindowsFoundation\NuoModelLoader\NuoModelMaterialedBasic.h">
      <Filter>NuoWindowsFoundation\NuoModelLoader</Filter>
    </ClInclude>
    <ClInclude Include="..\..\NuoWindowsFoundation\NuoModelLoader\NuoModelTextured.h">
      <Filter>NuoWindowsFoundation\NuoModelLoader</Filter>
    </ClInclude>
    <ClInclude Include="..\..\NuoWindowsFoundation\NuoMeshes\NuoShaders\NuoMeshTextured.h">
      <Filter>NuoWindowsFoundation\NuoMeshes\NuoShaders</Filter>
    </ClInclude>
    <ClInclude Include="..\..\NuoWindowsFoundation\NuoMeshes\NuoMeshBounds.h">
      <Filter>NuoWindowsFoundation\NuoMeshes</Filter>
    </ClInclude>
    <ClInclude Include="..\..\NuoWindowsFoundation\NuoModelLoader\NuoModelLoaderGPU.h">
      <Filter>NuoWindowsFoundation\NuoModelLoader</Filter>
    </ClInclude>
    <ClInclude Include="..\..\NuoWindowsFoundation\NuoMeshes\NuoMeshCompound.h">
      <Filter>NuoWindowsFoundation\NuoMeshes</Filter>
    </ClInclude>
    <ClInclude Include="..\..\NuoWindowsFoundation\NuoMeshes\NuoMeshMaterialed.h">
      <Filter>NuoWindowsFoundation\NuoMeshes</Filter>
    </ClInclude>
    <ClInclude Include="..\..\NuoWindowsFoundation\NuoMeshes\NuoMeshSceneRoot.h">
      <Filter>NuoWindowsFoundation\NuoMeshes</Filter>
    </ClInclude>
    <ClInclude Include="..\..\NuoWindowsFoundation\NuoMeshes\NuoMeshRotation.h">
      <Filter>NuoWindowsFoundation\NuoMeshes</Filter>
    </ClInclude>
    <ClInclude Include="..\..\NuoWindowsFoundation\NuoScripting\NuoLua.h">
      <Filter>NuoWindowsFoundation\NuoScripting</Filter>
    </ClInclude>
    <ClInclude Include="ModelState\ModelViewConfiguration.h">
      <Filter>Source Files\ModelState</Filter>
    </ClInclude>
    <ClInclude Include="..\..\NuoWindowsFoundation\NuoUI\NuoDropdownList.h">
      <Filter>NuoWindowsFoundation\NuoUI</Filter>
    </ClInclude>
    <ClInclude Include="..\..\NuoWindowsFoundation\NuoUtilites\NuoTableExporter.h">
      <Filter>NuoWindowsFoundation\NuoUtilites</Filter>
    </ClInclude>
    <ClInclude Include="ModelState\ModelState.h">
      <Filter>Source Files\ModelState</Filter>
    </ClInclude>
    <ClInclude Include="..\..\NuoWindowsFoundation\NuoUI\NuoProgressBar.h">
      <Filter>NuoWindowsFoundation\NuoUI</Filter>
    </ClInclude>
    <ClInclude Include="..\..\NuoWindowsFoundation\NuoUtilites\NuoDispatch.h">
      <Filter>NuoWindowsFoundation\NuoUtilites</Filter>
    </ClInclude>
    <ClInclude Include="..\..\NuoWindowsFoundation\NuoUtilites\NuoBackgroundTask.h">
      <Filter>NuoWindowsFoundation\NuoUtilites</Filter>
    </ClInclude>
    <ClInclude Include="..\..\NuoWindowsFoundation\NuoRender\NuoRenderPass.h">
      <Filter>NuoWindowsFoundation\NuoRender</Filter>
    </ClInclude>
    <ClInclude Include="..\..\NuoWindowsFoundation\NuoRender\NuoRenderPipelinePass.h">
      <Filter>NuoWindowsFoundation\NuoRender</Filter>
    </ClInclude>
    <ClInclude Include="..\..\NuoWindowsFoundation\NuoDirect\NuoSize.h">
      <Filter>NuoWindowsFoundation\NuoDirect</Filter>
    </ClInclude>
    <ClInclude Include="..\..\NuoWindowsFoundation\NuoDirect\NuoRenderPassTarget.h">
      <Filter>NuoWindowsFoundation\NuoDirect</Filter>
    </ClInclude>
    <ClInclude Include="..\..\NuoWindowsFoundation\NuoRender\NuoRenderPipeline.h">
      <Filter>NuoWindowsFoundation\NuoRender</Filter>
    </ClInclude>
    <ClInclude Include="Renderer\ModelViewerRenderer.h">
      <Filter>Source Files\Renderer</Filter>
    </ClInclude>
    <ClInclude Include="..\..\NuoWindowsFoundation\NuoUtilites\NuoModelArrow.h">
      <Filter>NuoWindowsFoundation\NuoUtilites</Filter>
    </ClInclude>
    <ClInclude Include="..\..\NuoWindowsFoundation\NuoShadowMap\NuoLightSource.h">
      <Filter>NuoWindowsFoundation\NuoShadowMap</Filter>
    </ClInclude>
    <ClInclude Include="Renderer\NotationLight.h">
      <Filter>Source Files\Renderer</Filter>
    </ClInclude>
    <ClInclude Include="Renderer\NotationRenderer.h">
      <Filter>Source Files\Renderer</Filter>
    </ClInclude>
    <ClInclude Include="..\..\NuoWindowsFoundation\NuoUI\NuoSlider.h">
      <Filter>NuoWindowsFoundation\NuoUI</Filter>
    </ClInclude>
    <ClInclude Include="..\..\NuoWindowsFoundation\NuoUI\NuoScrollView.h">
      <Filter>NuoWindowsFoundation\NuoUI</Filter>
    </ClInclude>
    <ClInclude Include="UserInterface\ModelOperationPanel.h">
      <Filter>Source Files\Interface</Filter>
    </ClInclude>
    <ClInclude Include="Renderer\ModelSceneParameters.h">
      <Filter>Source Files\Renderer</Filter>
    </ClInclude>
    <ClInclude Include="UserInterface\ModelOptionUpdate.h">
      <Filter>Source Files\Interface</Filter>
    </ClInclude>
  </ItemGroup>
  <ItemGroup>
    <ResourceCompile Include="..\..\NuoWindowsFoundation\NuoUI\FoundationResource.rc">
      <Filter>NuoWindowsFoundation\NuoUI</Filter>
    </ResourceCompile>
    <ResourceCompile Include="NuoDirect.rc">
      <Filter>Resource Files</Filter>
    </ResourceCompile>
  </ItemGroup>
  <ItemGroup>
    <Image Include="NuoDirect.ico">
      <Filter>Resource Files</Filter>
    </Image>
    <Image Include="Resources\NuoModelViewer.ico">
      <Filter>Resource Files</Filter>
    </Image>
  </ItemGroup>
  <ItemGroup>
    <CustomBuild Include="..\..\NuoWindowsFoundation\NuoMeshes\NuoShaders\NuoMeshShaderType.h">
      <Filter>NuoWindowsFoundation\NuoMeshes\NuoShaders</Filter>
    </CustomBuild>
    <CustomBuild Include="..\..\NuoWindowsFoundation\NuoMeshes\NuoShaders\NuoUniforms.h">
      <Filter>NuoWindowsFoundation\NuoMeshes\NuoShaders</Filter>
    </CustomBuild>
    <CustomBuild Include="..\..\NuoWindowsFoundation\NuoMeshes\NuoShaders\NuoMeshSimplePixel.hlsl">
      <Filter>NuoWindowsFoundation\NuoMeshes\NuoShaders</Filter>
    </CustomBuild>
    <CustomBuild Include="..\..\NuoWindowsFoundation\NuoMeshes\NuoShaders\NuoMeshSimpleVertex.hlsl">
      <Filter>NuoWindowsFoundation\NuoMeshes\NuoShaders</Filter>
    </CustomBuild>
    <CustomBuild Include="..\..\NuoWindowsFoundation\NuoMeshes\NuoShaders\NuoMeshSimple.h">
      <Filter>NuoWindowsFoundation\NuoMeshes\NuoShaders</Filter>
    </CustomBuild>
    <CustomBuild Include="..\..\NuoWindowsFoundation\NuoMeshes\NuoShaders\NuoTexturePixel.hlsl">
      <Filter>NuoWindowsFoundation\NuoMeshes\NuoShaders</Filter>
    </CustomBuild>
    <CustomBuild Include="..\..\NuoWindowsFoundation\NuoMeshes\NuoShaders\NuoTextureVertex.hlsl">
      <Filter>NuoWindowsFoundation\NuoMeshes\NuoShaders</Filter>
    </CustomBuild>
    <CustomBuild Include="..\..\NuoWindowsFoundation\NuoMeshes\NuoShaders\NuoMeshScreenSpace.h">
      <Filter>NuoWindowsFoundation\NuoMeshes\NuoShaders</Filter>
    </CustomBuild>
    <CustomBuild Include="..\..\NuoWindowsFoundation\NuoMeshes\NuoShaders\NuoMeshMaterialed.h">
      <Filter>NuoWindowsFoundation\NuoMeshes\NuoShaders</Filter>
    </CustomBuild>
    <CustomBuild Include="..\..\NuoWindowsFoundation\NuoMeshes\NuoShaders\NuoMeshMaterialedPixel.hlsl">
      <Filter>NuoWindowsFoundation\NuoMeshes\NuoShaders</Filter>
    </CustomBuild>
    <CustomBuild Include="..\..\NuoWindowsFoundation\NuoMeshes\NuoShaders\NuoMeshMaterialedVertex.hlsl">
      <Filter>NuoWindowsFoundation\NuoMeshes\NuoShaders</Filter>
    </CustomBuild>
    <CustomBuild Include="..\..\NuoWindowsFoundation\NuoMeshes\NuoShaders\NuoMeshShadersCommon.h">
      <Filter>NuoWindowsFoundation\NuoMeshes\NuoShaders</Filter>
    </CustomBuild>
  </ItemGroup>
</Project>