<?xml version="1.0" encoding="utf-8"?>
<Project ToolsVersion="4.0" xmlns="http://schemas.microsoft.com/developer/msbuild/2003">
  <ItemGroup>
    <Filter Include="Source Files">
      <UniqueIdentifier>{4FC737F1-C7A5-4376-A066-2A32D752A2FF}</UniqueIdentifier>
      <Extensions>cpp;c;cc;cxx;c++;cppm;ixx;def;odl;idl;hpj;bat;asm;asmx</Extensions>
    </Filter>
    <Filter Include="Header Files">
      <UniqueIdentifier>{93995380-89BD-4b04-88EB-625FBE52EBFB}</UniqueIdentifier>
      <Extensions>h;hh;hpp;hxx;h++;hm;inl;inc;ipp;xsd</Extensions>
    </Filter>
    <Filter Include="Resource Files">
      <UniqueIdentifier>{67DA6AB6-F800-4c08-8B7A-83BB121AAD01}</UniqueIdentifier>
      <Extensions>rc;ico;cur;bmp;dlg;rc2;rct;bin;rgs;gif;jpg;jpeg;jpe;resx;tiff;tif;png;wav;mfcribbon-ms</Extensions>
    </Filter>
    <Filter Include="NuoWindowsFoundation">
      <UniqueIdentifier>{981d0a0c-7414-42a4-b5c2-0b583192ac8b}</UniqueIdentifier>
    </Filter>
    <Filter Include="NuoWindowsFoundation\NuoUtilities">
      <UniqueIdentifier>{fbd2b8e8-4773-41d9-9a12-52d7295eee59}</UniqueIdentifier>
    </Filter>
    <Filter Include="NuoWindowsFoundation\NuoUtilities\Win">
      <UniqueIdentifier>{b582a0c5-9236-46e0-a6ae-b235468b15b9}</UniqueIdentifier>
    </Filter>
    <Filter Include="NuoWindowsFoundation\NuoUI">
      <UniqueIdentifier>{77bb7239-a75c-4d83-9b1b-641b886e4a0e}</UniqueIdentifier>
    </Filter>
  </ItemGroup>
  <ItemGroup>
    <ClInclude Include="framework.h">
      <Filter>Header Files</Filter>
    </ClInclude>
    <ClInclude Include="targetver.h">
      <Filter>Header Files</Filter>
    </ClInclude>
    <ClInclude Include="Resource.h">
      <Filter>Header Files</Filter>
    </ClInclude>
    <ClInclude Include="NuoApp.h">
      <Filter>Header Files</Filter>
    </ClInclude>
    <ClInclude Include="FoundationResource.h">
      <Filter>Header Files</Filter>
    </ClInclude>
    <ClInclude Include="AppAboutDialog.h">
      <Filter>Source Files</Filter>
    </ClInclude>
    <ClInclude Include="IconWindow.h">
      <Filter>Source Files</Filter>
    </ClInclude>
    <ClInclude Include="..\..\NuoWindowsFoundation\NuoUtilites\NuoMathVector.h">
      <Filter>NuoWindowsFoundation\NuoUtilities</Filter>
    </ClInclude>
    <ClInclude Include="..\..\NuoWindowsFoundation\NuoUtilites\Win\NuoMathVectorWin.hpp">
      <Filter>NuoWindowsFoundation\NuoUtilities\Win</Filter>
    </ClInclude>
    <ClInclude Include="..\..\NuoWindowsFoundation\NuoUtilites\Win\NuoMathVectorTypeTraitWin.hpp">
      <Filter>NuoWindowsFoundation\NuoUtilities\Win</Filter>
    </ClInclude>
    <ClInclude Include="..\..\NuoWindowsFoundation\NuoUI\NuoOpenFileDialog.h">
      <Filter>NuoWindowsFoundation\NuoUI</Filter>
    </ClInclude>
    <ClInclude Include="..\..\NuoWindowsFoundation\NuoUI\NuoRect.h">
      <Filter>NuoWindowsFoundation\NuoUI</Filter>
    </ClInclude>
    <ClInclude Include="..\..\NuoWindowsFoundation\NuoUI\NuoStrings.h">
      <Filter>NuoWindowsFoundation\NuoUI</Filter>
    </ClInclude>
    <ClInclude Include="..\..\NuoWindowsFoundation\NuoUI\NuoTimer.h">
      <Filter>NuoWindowsFoundation\NuoUI</Filter>
    </ClInclude>
    <ClInclude Include="..\..\NuoWindowsFoundation\NuoUI\NuoView.h">
      <Filter>NuoWindowsFoundation\NuoUI</Filter>
    </ClInclude>
    <ClInclude Include="..\..\NuoWindowsFoundation\NuoUI\NuoWindow.h">
      <Filter>NuoWindowsFoundation\NuoUI</Filter>
    </ClInclude>
    <ClInclude Include="..\..\NuoWindowsFoundation\NuoUI\NuoAppInstance.h">
      <Filter>NuoWindowsFoundation\NuoUI</Filter>
    </ClInclude>
    <ClInclude Include="..\..\NuoWindowsFoundation\NuoUI\NuoButton.h">
      <Filter>NuoWindowsFoundation\NuoUI</Filter>
    </ClInclude>
    <ClInclude Include="..\..\NuoWindowsFoundation\NuoUI\NuoControl.h">
      <Filter>NuoWindowsFoundation\NuoUI</Filter>
    </ClInclude>
    <ClInclude Include="..\..\NuoWindowsFoundation\NuoUI\NuoDialog.h">
      <Filter>NuoWindowsFoundation\NuoUI</Filter>
    </ClInclude>
    <ClInclude Include="..\..\NuoWindowsFoundation\NuoUI\NuoFile.h">
      <Filter>NuoWindowsFoundation\NuoUI</Filter>
    </ClInclude>
    <ClInclude Include="..\..\NuoWindowsFoundation\NuoUI\NuoImage.h">
      <Filter>NuoWindowsFoundation\NuoUI</Filter>
    </ClInclude>
    <ClInclude Include="..\..\NuoWindowsFoundation\NuoUI\NuoLabel.h">
      <Filter>NuoWindowsFoundation\NuoUI</Filter>
    </ClInclude>
    <ClInclude Include="..\..\NuoWindowsFoundation\NuoUI\NuoMenu.h">
      <Filter>NuoWindowsFoundation\NuoUI</Filter>
    </ClInclude>
    <ClInclude Include="..\..\NuoWindowsFoundation\NuoUI\NuoMonitorScale.h">
      <Filter>NuoWindowsFoundation\NuoUI</Filter>
    </ClInclude>
  </ItemGroup>
  <ItemGroup>
    <ResourceCompile Include="NuoWindow.rc">
      <Filter>Resource Files</Filter>
    </ResourceCompile>
    <ResourceCompile Include="FoundationResource.rc">
      <Filter>Resource Files</Filter>
    </ResourceCompile>
  </ItemGroup>
  <ItemGroup>
    <Image Include="small.ico">
      <Filter>Resource Files</Filter>
    </Image>
    <Image Include="NuoWindow.ico">
      <Filter>Resource Files</Filter>
    </Image>
  </ItemGroup>
  <ItemGroup>
    <ClCompile Include="NuoApp.cpp">
      <Filter>Source Files</Filter>
    </ClCompile>
    <ClCompile Include="AppAboutDialog.cpp">
      <Filter>Source Files</Filter>
    </ClCompile>
    <ClCompile Include="IconWindow.cpp">
      <Filter>Source Files</Filter>
    </ClCompile>
    <ClCompile Include="..\..\NuoWindowsFoundation\NuoUtilites\NuoMathVector.cpp">
      <Filter>NuoWindowsFoundation\NuoUtilities</Filter>
    </ClCompile>
    <ClCompile Include="..\..\NuoWindowsFoundation\NuoUtilites\Win\NuoMathVectorWin.cpp">
      <Filter>NuoWindowsFoundation\NuoUtilities\Win</Filter>
    </ClCompile>
    <ClCompile Include="..\..\NuoWindowsFoundation\NuoUI\NuoOpenFileDialog.cpp">
      <Filter>NuoWindowsFoundation\NuoUI</Filter>
    </ClCompile>
    <ClCompile Include="..\..\NuoWindowsFoundation\NuoUI\NuoRect.cpp">
      <Filter>NuoWindowsFoundation\NuoUI</Filter>
    </ClCompile>
    <ClCompile Include="..\..\NuoWindowsFoundation\NuoUI\NuoStrings.cpp">
      <Filter>NuoWindowsFoundation\NuoUI</Filter>
    </ClCompile>
    <ClCompile Include="..\..\NuoWindowsFoundation\NuoUI\NuoTimer.cpp">
      <Filter>NuoWindowsFoundation\NuoUI</Filter>
    </ClCompile>
    <ClCompile Include="..\..\NuoWindowsFoundation\NuoUI\NuoView.cpp">
      <Filter>NuoWindowsFoundation\NuoUI</Filter>
    </ClCompile>
    <ClCompile Include="..\..\NuoWindowsFoundation\NuoUI\NuoWindow.cpp">
      <Filter>NuoWindowsFoundation\NuoUI</Filter>
    </ClCompile>
    <ClCompile Include="..\..\NuoWindowsFoundation\NuoUI\NuoAppInstance.cpp">
      <Filter>NuoWindowsFoundation\NuoUI</Filter>
    </ClCompile>
    <ClCompile Include="..\..\NuoWindowsFoundation\NuoUI\NuoButton.cpp">
      <Filter>NuoWindowsFoundation\NuoUI</Filter>
    </ClCompile>
    <ClCompile Include="..\..\NuoWindowsFoundation\NuoUI\NuoControl.cpp">
      <Filter>NuoWindowsFoundation\NuoUI</Filter>
    </ClCompile>
    <ClCompile Include="..\..\NuoWindowsFoundation\NuoUI\NuoDialog.cpp">
      <Filter>NuoWindowsFoundation\NuoUI</Filter>
    </ClCompile>
    <ClCompile Include="..\..\NuoWindowsFoundation\NuoUI\NuoFile.cpp">
      <Filter>NuoWindowsFoundation\NuoUI</Filter>
    </ClCompile>
    <ClCompile Include="..\..\NuoWindowsFoundation\NuoUI\NuoImage.cpp">
      <Filter>NuoWindowsFoundation\NuoUI</Filter>
    </ClCompile>
    <ClCompile Include="..\..\NuoWindowsFoundation\NuoUI\NuoLabel.cpp">
      <Filter>NuoWindowsFoundation\NuoUI</Filter>
    </ClCompile>
    <ClCompile Include="..\..\NuoWindowsFoundation\NuoUI\NuoMenu.cpp">
      <Filter>NuoWindowsFoundation\NuoUI</Filter>
    </ClCompile>
    <ClCompile Include="..\..\NuoWindowsFoundation\NuoUI\NuoMonitorScale.cpp">
      <Filter>NuoWindowsFoundation\NuoUI</Filter>
    </ClCompile>
  </ItemGroup>
</Project>